
Microsoft Visual Studio Solution File, Format Version 12.00
# Visual Studio 15
VisualStudioVersion = 15.0.26730.15
MinimumVisualStudioVersion = 10.0.40219.1
Project("{9A19103F-16F7-4668-BE54-9A1E7A4F7556}") = "KeyRing", "KeyRing.csproj", "{2E8E4D76-57DE-40FB-8238-E1EEB52415C3}"
EndProject
Global
	GlobalSection(SolutionConfigurationPlatforms) = preSolution
		Debug|Any CPU = Debug|Any CPU
		Release|Any CPU = Release|Any CPU
	EndGlobalSection
	GlobalSection(ProjectConfigurationPlatforms) = postSolution
		{2E8E4D76-57DE-40FB-8238-E1EEB52415C3}.Debug|Any CPU.ActiveCfg = Debug|Any CPU
		{2E8E4D76-57DE-40FB-8238-E1EEB52415C3}.Debug|Any CPU.Build.0 = Debug|Any CPU
		{2E8E4D76-57DE-40FB-8238-E1EEB52415C3}.Release|Any CPU.ActiveCfg = Release|Any CPU
		{2E8E4D76-57DE-40FB-8238-E1EEB52415C3}.Release|Any CPU.Build.0 = Release|Any CPU
	EndGlobalSection
	GlobalSection(SolutionProperties) = preSolution
		HideSolutionNode = FALSE
	EndGlobalSection
	GlobalSection(ExtensibilityGlobals) = postSolution
		SolutionGuid = {F4DFB976-51A8-4ACE-AF6C-8E5F1AD74A6E}
	EndGlobalSection
EndGlobal
